// !$*UTF8*$!
{
	archiveVersion = 1;
	classes = {
	};
	objectVersion = 50;
	objects = {

/* Begin PBXBuildFile section */
		56479C6616582B1F8F5EC795 /* Pods_NegeVibe.framework in Frameworks */ = {isa = PBXBuildFile; fileRef = 5DD9E03D247132BBB0F1369B /* Pods_NegeVibe.framework */; };
		7C44EF6421BEB3E400B17C48 /* CustomMessageViewCell.swift in Sources */ = {isa = PBXBuildFile; fileRef = 7C44EF6221BEB3E400B17C48 /* CustomMessageViewCell.swift */; };
		8C1ACD0821B033FE00103D9E /* Images.swift in Sources */ = {isa = PBXBuildFile; fileRef = 8C1ACD0721B033FE00103D9E /* Images.swift */; };
		8C1ACD0A21B0376800103D9E /* Symbology.swift in Sources */ = {isa = PBXBuildFile; fileRef = 8C1ACD0921B0376800103D9E /* Symbology.swift */; };
		8C1ACD0C21B03A8B00103D9E /* EventMapViewController.swift in Sources */ = {isa = PBXBuildFile; fileRef = 8C1ACD0B21B03A8B00103D9E /* EventMapViewController.swift */; };
		8C1ACD0E21B0414300103D9E /* Artwork.swift in Sources */ = {isa = PBXBuildFile; fileRef = 8C1ACD0D21B0414300103D9E /* Artwork.swift */; };
		8C1ACD1121B2BA2100103D9E /* EventCollectionViewController.swift in Sources */ = {isa = PBXBuildFile; fileRef = 8C1ACD1021B2BA2000103D9E /* EventCollectionViewController.swift */; };
		8C1ACD1321B2BA7000103D9E /* EventCollectionViewCell.swift in Sources */ = {isa = PBXBuildFile; fileRef = 8C1ACD1221B2BA7000103D9E /* EventCollectionViewCell.swift */; };
		8C1ACD4421B7D03A00103D9E /* Popup.swift in Sources */ = {isa = PBXBuildFile; fileRef = 8C1ACD4321B7D03A00103D9E /* Popup.swift */; };
		8C1ACD4721B7F88100103D9E /* SearchResultTableViewCell.swift in Sources */ = {isa = PBXBuildFile; fileRef = 8C1ACD4621B7F88100103D9E /* SearchResultTableViewCell.swift */; };
		8C1ACD4A21B7FAFE00103D9E /* PushPostDummy.swift in Sources */ = {isa = PBXBuildFile; fileRef = 8C1ACD4921B7FAFE00103D9E /* PushPostDummy.swift */; };
		8C1ACD4D21B9392200103D9E /* CurrentLocation.swift in Sources */ = {isa = PBXBuildFile; fileRef = 8C1ACD4C21B9392200103D9E /* CurrentLocation.swift */; };
		8C1ACD5021B97D4400103D9E /* EventsLibrary.swift in Sources */ = {isa = PBXBuildFile; fileRef = 8C1ACD4F21B97D4400103D9E /* EventsLibrary.swift */; };
		8C1ACD5221BAFB2400103D9E /* VibesViewController.swift in Sources */ = {isa = PBXBuildFile; fileRef = 8C1ACD5121BAFB2400103D9E /* VibesViewController.swift */; };
		8C1ACD5421BAFB6300103D9E /* VibesCollectionViewCell.swift in Sources */ = {isa = PBXBuildFile; fileRef = 8C1ACD5321BAFB6300103D9E /* VibesCollectionViewCell.swift */; };
		8C1ACD9821BD055200103D9E /* MLocationManager.swift in Sources */ = {isa = PBXBuildFile; fileRef = 8C1ACD9721BD055200103D9E /* MLocationManager.swift */; };
		8C1ACD9F21BD463B00103D9E /* CustomAnnotation.swift in Sources */ = {isa = PBXBuildFile; fileRef = 8C1ACD9E21BD463B00103D9E /* CustomAnnotation.swift */; };
		8C1ACDA321BD5F3800103D9E /* GeoAddress.swift in Sources */ = {isa = PBXBuildFile; fileRef = 8C1ACDA221BD5F3800103D9E /* GeoAddress.swift */; };
		8C54B55021CCCDDA0002CD08 /* MyMessageTableViewCell.swift in Sources */ = {isa = PBXBuildFile; fileRef = 8C54B54F21CCCDDA0002CD08 /* MyMessageTableViewCell.swift */; };
		8C54B55221CCCDF00002CD08 /* OthersChatMessageTableViewCell.swift in Sources */ = {isa = PBXBuildFile; fileRef = 8C54B55121CCCDF00002CD08 /* OthersChatMessageTableViewCell.swift */; };
		8C6B733C21E63F9A00D21D9D /* GetUserChatName.swift in Sources */ = {isa = PBXBuildFile; fileRef = 8C6B733B21E63F9A00D21D9D /* GetUserChatName.swift */; };
		8C6B733E21E7855700D21D9D /* FavoritesUpdate.swift in Sources */ = {isa = PBXBuildFile; fileRef = 8C6B733D21E7855700D21D9D /* FavoritesUpdate.swift */; };
		8C6B734321E7990F00D21D9D /* CreateANewUser.swift in Sources */ = {isa = PBXBuildFile; fileRef = 8C6B734221E7990F00D21D9D /* CreateANewUser.swift */; };
		8C7E560121CBA27000191307 /* Toast.swift in Sources */ = {isa = PBXBuildFile; fileRef = 8C7E560021CBA27000191307 /* Toast.swift */; };
		8C7E560321CBA33E00191307 /* RoundCorners.swift in Sources */ = {isa = PBXBuildFile; fileRef = 8C7E560221CBA33E00191307 /* RoundCorners.swift */; };
		8C7E560521CC02C300191307 /* Colors.swift in Sources */ = {isa = PBXBuildFile; fileRef = 8C7E560421CC02C300191307 /* Colors.swift */; };
		8C8B72B021CE41880090A2DA /* VibesDelegate.swift in Sources */ = {isa = PBXBuildFile; fileRef = 8C8B72AF21CE41880090A2DA /* VibesDelegate.swift */; };
		8C8B72B221D216AF0090A2DA /* ScannerViewController.swift in Sources */ = {isa = PBXBuildFile; fileRef = 8C8B72B121D216AF0090A2DA /* ScannerViewController.swift */; };
		8C8B72B621D39B500090A2DA /* QRGenerator.swift in Sources */ = {isa = PBXBuildFile; fileRef = 8C8B72B521D39B500090A2DA /* QRGenerator.swift */; };
		8C8B72B821D4E0200090A2DA /* EventMenuTableViewCell.swift in Sources */ = {isa = PBXBuildFile; fileRef = 8C8B72B721D4E0200090A2DA /* EventMenuTableViewCell.swift */; };
		8C8B72BC21D4E0800090A2DA /* EventMenuViewController.swift in Sources */ = {isa = PBXBuildFile; fileRef = 8C8B72BB21D4E0800090A2DA /* EventMenuViewController.swift */; };
		8C8B72BE21D4E2C70090A2DA /* EventMenu.swift in Sources */ = {isa = PBXBuildFile; fileRef = 8C8B72BD21D4E2C70090A2DA /* EventMenu.swift */; };
		8C8B72C021D65A3C0090A2DA /* TicketViewController.swift in Sources */ = {isa = PBXBuildFile; fileRef = 8C8B72BF21D65A3C0090A2DA /* TicketViewController.swift */; };
		8C9DE3F721E5FE4700A92A5D /* SignedInUser.swift in Sources */ = {isa = PBXBuildFile; fileRef = 8C9DE3F621E5FE4700A92A5D /* SignedInUser.swift */; };
		8C9DE3F921E5FEC400A92A5D /* AnonymousUser.swift in Sources */ = {isa = PBXBuildFile; fileRef = 8C9DE3F821E5FEC400A92A5D /* AnonymousUser.swift */; };
		8C9DE3FD21E615AC00A92A5D /* UpdateUsername.swift in Sources */ = {isa = PBXBuildFile; fileRef = 8C9DE3FC21E615AC00A92A5D /* UpdateUsername.swift */; };
		8CA46F3321E1FA3E00A148F2 /* GoogleService-Info.plist in Resources */ = {isa = PBXBuildFile; fileRef = 8CA46F3221E1FA3E00A148F2 /* GoogleService-Info.plist */; };
		8CA46F3521E2102C00A148F2 /* SignInViewController.swift in Sources */ = {isa = PBXBuildFile; fileRef = 8CA46F3421E2102C00A148F2 /* SignInViewController.swift */; };
		8CA46F3721E34A8500A148F2 /* ChatViewController.swift in Sources */ = {isa = PBXBuildFile; fileRef = 8CA46F3621E34A8500A148F2 /* ChatViewController.swift */; };
		8CA46F3921E355E500A148F2 /* CarpoolTableViewCell.swift in Sources */ = {isa = PBXBuildFile; fileRef = 8CA46F3821E355E500A148F2 /* CarpoolTableViewCell.swift */; };
		8CA46F3B21E3680D00A148F2 /* CarpoolMessage.swift in Sources */ = {isa = PBXBuildFile; fileRef = 8CA46F3A21E3680D00A148F2 /* CarpoolMessage.swift */; };
		8CA46F3E21E3696400A148F2 /* ChatMessage.swift in Sources */ = {isa = PBXBuildFile; fileRef = 8CA46F3D21E3696400A148F2 /* ChatMessage.swift */; };
		8CE84BEF21BFE79E006C8A93 /* FeaturedBanners.swift in Sources */ = {isa = PBXBuildFile; fileRef = 8CE84BEE21BFE79E006C8A93 /* FeaturedBanners.swift */; };
		8CEB9B2721AED0AF009B55FF /* AppDelegate.swift in Sources */ = {isa = PBXBuildFile; fileRef = 8CEB9B2621AED0AF009B55FF /* AppDelegate.swift */; };
		8CEB9B2C21AED0AF009B55FF /* Main.storyboard in Resources */ = {isa = PBXBuildFile; fileRef = 8CEB9B2A21AED0AF009B55FF /* Main.storyboard */; };
		8CEB9B2F21AED0AF009B55FF /* NegeVibe.xcdatamodeld in Sources */ = {isa = PBXBuildFile; fileRef = 8CEB9B2D21AED0AF009B55FF /* NegeVibe.xcdatamodeld */; };
		8CEB9B3421AED0B2009B55FF /* LaunchScreen.storyboard in Resources */ = {isa = PBXBuildFile; fileRef = 8CEB9B3221AED0B2009B55FF /* LaunchScreen.storyboard */; };
		8CEB9B3E21AED0DF009B55FF /* GetEvents.swift in Sources */ = {isa = PBXBuildFile; fileRef = 8CEB9B3D21AED0DF009B55FF /* GetEvents.swift */; };
		8CEB9B4121AED118009B55FF /* Event.swift in Sources */ = {isa = PBXBuildFile; fileRef = 8CEB9B4021AED118009B55FF /* Event.swift */; };
		8CEB9B4421AEDE4B009B55FF /* JustHUD.swift in Sources */ = {isa = PBXBuildFile; fileRef = 8CEB9B4321AEDE4B009B55FF /* JustHUD.swift */; };
		A1632D1921E7817400699AE7 /* DropDown.swift in Sources */ = {isa = PBXBuildFile; fileRef = A1632D1821E7817400699AE7 /* DropDown.swift */; };
		A1921D5B21D5271F0059FF85 /* Ticket.swift in Sources */ = {isa = PBXBuildFile; fileRef = A1921D5A21D5271F0059FF85 /* Ticket.swift */; };
		A1921D5D21D529090059FF85 /* TypeOfTicket.swift in Sources */ = {isa = PBXBuildFile; fileRef = A1921D5C21D529090059FF85 /* TypeOfTicket.swift */; };
		A1921D5F21D535340059FF85 /* MyEventViewController.swift in Sources */ = {isa = PBXBuildFile; fileRef = A1921D5E21D535340059FF85 /* MyEventViewController.swift */; };
		A1921D6121D5559C0059FF85 /* Assets.xcassets in Resources */ = {isa = PBXBuildFile; fileRef = A1921D6021D5559B0059FF85 /* Assets.xcassets */; };
		A1CE21FA21C130D000DFE4B0 /* EventsDetailsViewController.swift in Sources */ = {isa = PBXBuildFile; fileRef = A1CE21F921C130D000DFE4B0 /* EventsDetailsViewController.swift */; };
		A1CE21FC21C64CC700DFE4B0 /* EventTableViewController.swift in Sources */ = {isa = PBXBuildFile; fileRef = A1CE21FB21C64CC700DFE4B0 /* EventTableViewController.swift */; };
		A1CE21FF21C658A700DFE4B0 /* EventTableViewCell.swift in Sources */ = {isa = PBXBuildFile; fileRef = A1CE21FD21C658A700DFE4B0 /* EventTableViewCell.swift */; };
		A1CE220021C658A700DFE4B0 /* EventTableViewCell.xib in Resources */ = {isa = PBXBuildFile; fileRef = A1CE21FE21C658A700DFE4B0 /* EventTableViewCell.xib */; };
		EE1E1D1921CF82AA00F80763 /* VarelaRound-Regular.ttf in Resources */ = {isa = PBXBuildFile; fileRef = EE1E1D1821CF82AA00F80763 /* VarelaRound-Regular.ttf */; };
		EE1E1D1B21CF97EE00F80763 /* PaddingLabel.swift in Sources */ = {isa = PBXBuildFile; fileRef = EE1E1D1A21CF97EE00F80763 /* PaddingLabel.swift */; };
		EE783B3121E5FABC004AF043 /* TicketsBookedViewController.swift in Sources */ = {isa = PBXBuildFile; fileRef = EE783B3021E5FABC004AF043 /* TicketsBookedViewController.swift */; };
		EE783B3321E5FAE8004AF043 /* TicketsBookedTableViewCell.swift in Sources */ = {isa = PBXBuildFile; fileRef = EE783B3221E5FAE8004AF043 /* TicketsBookedTableViewCell.swift */; };
		EEDB83BB21E64B1A00C17BAF /* ChatListViewController.swift in Sources */ = {isa = PBXBuildFile; fileRef = EEDB83BA21E64B1A00C17BAF /* ChatListViewController.swift */; };
		EEDB83BD21E64B7B00C17BAF /* ChatListTableViewCell.swift in Sources */ = {isa = PBXBuildFile; fileRef = EEDB83BC21E64B7B00C17BAF /* ChatListTableViewCell.swift */; };
/* End PBXBuildFile section */

/* Begin PBXFileReference section */
		1568CED266995431D624AB8E /* Pods-NegeVibe.debug.xcconfig */ = {isa = PBXFileReference; includeInIndex = 1; lastKnownFileType = text.xcconfig; name = "Pods-NegeVibe.debug.xcconfig"; path = "Pods/Target Support Files/Pods-NegeVibe/Pods-NegeVibe.debug.xcconfig"; sourceTree = "<group>"; };
		5DD9E03D247132BBB0F1369B /* Pods_NegeVibe.framework */ = {isa = PBXFileReference; explicitFileType = wrapper.framework; includeInIndex = 0; path = Pods_NegeVibe.framework; sourceTree = BUILT_PRODUCTS_DIR; };
		7C44EF6221BEB3E400B17C48 /* CustomMessageViewCell.swift */ = {isa = PBXFileReference; lastKnownFileType = sourcecode.swift; path = CustomMessageViewCell.swift; sourceTree = "<group>"; };
		8C1ACD0721B033FE00103D9E /* Images.swift */ = {isa = PBXFileReference; lastKnownFileType = sourcecode.swift; path = Images.swift; sourceTree = "<group>"; };
		8C1ACD0921B0376800103D9E /* Symbology.swift */ = {isa = PBXFileReference; lastKnownFileType = sourcecode.swift; path = Symbology.swift; sourceTree = "<group>"; };
		8C1ACD0B21B03A8B00103D9E /* EventMapViewController.swift */ = {isa = PBXFileReference; lastKnownFileType = sourcecode.swift; path = EventMapViewController.swift; sourceTree = "<group>"; };
		8C1ACD0D21B0414300103D9E /* Artwork.swift */ = {isa = PBXFileReference; lastKnownFileType = sourcecode.swift; path = Artwork.swift; sourceTree = "<group>"; };
		8C1ACD1021B2BA2000103D9E /* EventCollectionViewController.swift */ = {isa = PBXFileReference; lastKnownFileType = sourcecode.swift; path = EventCollectionViewController.swift; sourceTree = "<group>"; };
		8C1ACD1221B2BA7000103D9E /* EventCollectionViewCell.swift */ = {isa = PBXFileReference; lastKnownFileType = sourcecode.swift; path = EventCollectionViewCell.swift; sourceTree = "<group>"; };
		8C1ACD4321B7D03A00103D9E /* Popup.swift */ = {isa = PBXFileReference; lastKnownFileType = sourcecode.swift; path = Popup.swift; sourceTree = "<group>"; };
		8C1ACD4621B7F88100103D9E /* SearchResultTableViewCell.swift */ = {isa = PBXFileReference; lastKnownFileType = sourcecode.swift; path = SearchResultTableViewCell.swift; sourceTree = "<group>"; };
		8C1ACD4921B7FAFE00103D9E /* PushPostDummy.swift */ = {isa = PBXFileReference; lastKnownFileType = sourcecode.swift; path = PushPostDummy.swift; sourceTree = "<group>"; };
		8C1ACD4C21B9392200103D9E /* CurrentLocation.swift */ = {isa = PBXFileReference; lastKnownFileType = sourcecode.swift; path = CurrentLocation.swift; sourceTree = "<group>"; };
		8C1ACD4F21B97D4400103D9E /* EventsLibrary.swift */ = {isa = PBXFileReference; lastKnownFileType = sourcecode.swift; path = EventsLibrary.swift; sourceTree = "<group>"; };
		8C1ACD5121BAFB2400103D9E /* VibesViewController.swift */ = {isa = PBXFileReference; lastKnownFileType = sourcecode.swift; path = VibesViewController.swift; sourceTree = "<group>"; };
		8C1ACD5321BAFB6300103D9E /* VibesCollectionViewCell.swift */ = {isa = PBXFileReference; lastKnownFileType = sourcecode.swift; path = VibesCollectionViewCell.swift; sourceTree = "<group>"; };
		8C1ACD9721BD055200103D9E /* MLocationManager.swift */ = {isa = PBXFileReference; lastKnownFileType = sourcecode.swift; path = MLocationManager.swift; sourceTree = "<group>"; };
		8C1ACD9D21BD3ED900103D9E /* LocationNav.gpx */ = {isa = PBXFileReference; lastKnownFileType = text.xml; path = LocationNav.gpx; sourceTree = "<group>"; };
		8C1ACD9E21BD463B00103D9E /* CustomAnnotation.swift */ = {isa = PBXFileReference; lastKnownFileType = sourcecode.swift; path = CustomAnnotation.swift; sourceTree = "<group>"; };
		8C1ACDA221BD5F3800103D9E /* GeoAddress.swift */ = {isa = PBXFileReference; lastKnownFileType = sourcecode.swift; path = GeoAddress.swift; sourceTree = "<group>"; };
		8C54B54F21CCCDDA0002CD08 /* MyMessageTableViewCell.swift */ = {isa = PBXFileReference; lastKnownFileType = sourcecode.swift; path = MyMessageTableViewCell.swift; sourceTree = "<group>"; };
		8C54B55121CCCDF00002CD08 /* OthersChatMessageTableViewCell.swift */ = {isa = PBXFileReference; lastKnownFileType = sourcecode.swift; path = OthersChatMessageTableViewCell.swift; sourceTree = "<group>"; };
		8C6B733B21E63F9A00D21D9D /* GetUserChatName.swift */ = {isa = PBXFileReference; lastKnownFileType = sourcecode.swift; path = GetUserChatName.swift; sourceTree = "<group>"; };
		8C6B733D21E7855700D21D9D /* FavoritesUpdate.swift */ = {isa = PBXFileReference; lastKnownFileType = sourcecode.swift; path = FavoritesUpdate.swift; sourceTree = "<group>"; };
		8C6B734221E7990F00D21D9D /* CreateANewUser.swift */ = {isa = PBXFileReference; lastKnownFileType = sourcecode.swift; path = CreateANewUser.swift; sourceTree = "<group>"; };
		8C7E560021CBA27000191307 /* Toast.swift */ = {isa = PBXFileReference; lastKnownFileType = sourcecode.swift; path = Toast.swift; sourceTree = "<group>"; };
		8C7E560221CBA33E00191307 /* RoundCorners.swift */ = {isa = PBXFileReference; lastKnownFileType = sourcecode.swift; path = RoundCorners.swift; sourceTree = "<group>"; };
		8C7E560421CC02C300191307 /* Colors.swift */ = {isa = PBXFileReference; lastKnownFileType = sourcecode.swift; path = Colors.swift; sourceTree = "<group>"; };
		8C8B72AF21CE41880090A2DA /* VibesDelegate.swift */ = {isa = PBXFileReference; lastKnownFileType = sourcecode.swift; path = VibesDelegate.swift; sourceTree = "<group>"; };
		8C8B72B121D216AF0090A2DA /* ScannerViewController.swift */ = {isa = PBXFileReference; lastKnownFileType = sourcecode.swift; path = ScannerViewController.swift; sourceTree = "<group>"; };
		8C8B72B521D39B500090A2DA /* QRGenerator.swift */ = {isa = PBXFileReference; lastKnownFileType = sourcecode.swift; path = QRGenerator.swift; sourceTree = "<group>"; };
		8C8B72B721D4E0200090A2DA /* EventMenuTableViewCell.swift */ = {isa = PBXFileReference; lastKnownFileType = sourcecode.swift; path = EventMenuTableViewCell.swift; sourceTree = "<group>"; };
		8C8B72BB21D4E0800090A2DA /* EventMenuViewController.swift */ = {isa = PBXFileReference; lastKnownFileType = sourcecode.swift; path = EventMenuViewController.swift; sourceTree = "<group>"; };
		8C8B72BD21D4E2C70090A2DA /* EventMenu.swift */ = {isa = PBXFileReference; lastKnownFileType = sourcecode.swift; path = EventMenu.swift; sourceTree = "<group>"; };
		8C8B72BF21D65A3C0090A2DA /* TicketViewController.swift */ = {isa = PBXFileReference; lastKnownFileType = sourcecode.swift; path = TicketViewController.swift; sourceTree = "<group>"; };
		8C9DE3F621E5FE4700A92A5D /* SignedInUser.swift */ = {isa = PBXFileReference; lastKnownFileType = sourcecode.swift; path = SignedInUser.swift; sourceTree = "<group>"; };
		8C9DE3F821E5FEC400A92A5D /* AnonymousUser.swift */ = {isa = PBXFileReference; lastKnownFileType = sourcecode.swift; path = AnonymousUser.swift; sourceTree = "<group>"; };
		8C9DE3FC21E615AC00A92A5D /* UpdateUsername.swift */ = {isa = PBXFileReference; lastKnownFileType = sourcecode.swift; path = UpdateUsername.swift; sourceTree = "<group>"; };
		8CA46F3221E1FA3E00A148F2 /* GoogleService-Info.plist */ = {isa = PBXFileReference; fileEncoding = 4; lastKnownFileType = text.plist.xml; path = "GoogleService-Info.plist"; sourceTree = "<group>"; };
		8CA46F3421E2102C00A148F2 /* SignInViewController.swift */ = {isa = PBXFileReference; lastKnownFileType = sourcecode.swift; path = SignInViewController.swift; sourceTree = "<group>"; };
		8CA46F3621E34A8500A148F2 /* ChatViewController.swift */ = {isa = PBXFileReference; lastKnownFileType = sourcecode.swift; path = ChatViewController.swift; sourceTree = "<group>"; };
		8CA46F3821E355E500A148F2 /* CarpoolTableViewCell.swift */ = {isa = PBXFileReference; lastKnownFileType = sourcecode.swift; path = CarpoolTableViewCell.swift; sourceTree = "<group>"; };
		8CA46F3A21E3680D00A148F2 /* CarpoolMessage.swift */ = {isa = PBXFileReference; lastKnownFileType = sourcecode.swift; path = CarpoolMessage.swift; sourceTree = "<group>"; };
		8CA46F3D21E3696400A148F2 /* ChatMessage.swift */ = {isa = PBXFileReference; lastKnownFileType = sourcecode.swift; path = ChatMessage.swift; sourceTree = "<group>"; };
		8CE84BEE21BFE79E006C8A93 /* FeaturedBanners.swift */ = {isa = PBXFileReference; lastKnownFileType = sourcecode.swift; path = FeaturedBanners.swift; sourceTree = "<group>"; };
		8CE84BF021BFFA98006C8A93 /* sderot.gpx */ = {isa = PBXFileReference; lastKnownFileType = text.xml; path = sderot.gpx; sourceTree = "<group>"; };
		8CEB9B2321AED0AF009B55FF /* NegeVibe.app */ = {isa = PBXFileReference; explicitFileType = wrapper.application; includeInIndex = 0; path = NegeVibe.app; sourceTree = BUILT_PRODUCTS_DIR; };
		8CEB9B2621AED0AF009B55FF /* AppDelegate.swift */ = {isa = PBXFileReference; lastKnownFileType = sourcecode.swift; path = AppDelegate.swift; sourceTree = "<group>"; };
		8CEB9B2B21AED0AF009B55FF /* Base */ = {isa = PBXFileReference; lastKnownFileType = file.storyboard; name = Base; path = Base.lproj/Main.storyboard; sourceTree = "<group>"; };
		8CEB9B2E21AED0AF009B55FF /* NegeVibe.xcdatamodel */ = {isa = PBXFileReference; lastKnownFileType = wrapper.xcdatamodel; path = NegeVibe.xcdatamodel; sourceTree = "<group>"; };
		8CEB9B3321AED0B2009B55FF /* Base */ = {isa = PBXFileReference; lastKnownFileType = file.storyboard; name = Base; path = Base.lproj/LaunchScreen.storyboard; sourceTree = "<group>"; };
		8CEB9B3521AED0B2009B55FF /* Info.plist */ = {isa = PBXFileReference; lastKnownFileType = text.plist.xml; path = Info.plist; sourceTree = "<group>"; };
		8CEB9B3D21AED0DF009B55FF /* GetEvents.swift */ = {isa = PBXFileReference; lastKnownFileType = sourcecode.swift; path = GetEvents.swift; sourceTree = "<group>"; };
		8CEB9B4021AED118009B55FF /* Event.swift */ = {isa = PBXFileReference; lastKnownFileType = sourcecode.swift; path = Event.swift; sourceTree = "<group>"; };
		8CEB9B4321AEDE4B009B55FF /* JustHUD.swift */ = {isa = PBXFileReference; lastKnownFileType = sourcecode.swift; path = JustHUD.swift; sourceTree = "<group>"; };
		A1632D1821E7817400699AE7 /* DropDown.swift */ = {isa = PBXFileReference; lastKnownFileType = sourcecode.swift; path = DropDown.swift; sourceTree = "<group>"; };
		A1921D5A21D5271F0059FF85 /* Ticket.swift */ = {isa = PBXFileReference; lastKnownFileType = sourcecode.swift; path = Ticket.swift; sourceTree = "<group>"; };
		A1921D5C21D529090059FF85 /* TypeOfTicket.swift */ = {isa = PBXFileReference; lastKnownFileType = sourcecode.swift; path = TypeOfTicket.swift; sourceTree = "<group>"; };
		A1921D5E21D535340059FF85 /* MyEventViewController.swift */ = {isa = PBXFileReference; lastKnownFileType = sourcecode.swift; path = MyEventViewController.swift; sourceTree = "<group>"; };
		A1921D6021D5559B0059FF85 /* Assets.xcassets */ = {isa = PBXFileReference; lastKnownFileType = folder.assetcatalog; path = Assets.xcassets; sourceTree = "<group>"; };
		A1CE21F921C130D000DFE4B0 /* EventsDetailsViewController.swift */ = {isa = PBXFileReference; lastKnownFileType = sourcecode.swift; path = EventsDetailsViewController.swift; sourceTree = "<group>"; };
		A1CE21FB21C64CC700DFE4B0 /* EventTableViewController.swift */ = {isa = PBXFileReference; lastKnownFileType = sourcecode.swift; path = EventTableViewController.swift; sourceTree = "<group>"; };
		A1CE21FD21C658A700DFE4B0 /* EventTableViewCell.swift */ = {isa = PBXFileReference; lastKnownFileType = sourcecode.swift; path = EventTableViewCell.swift; sourceTree = "<group>"; };
		A1CE21FE21C658A700DFE4B0 /* EventTableViewCell.xib */ = {isa = PBXFileReference; lastKnownFileType = file.xib; path = EventTableViewCell.xib; sourceTree = "<group>"; };
		E0DAF5D6A1FFEFF36AE6BC7F /* Pods-NegeVibe.release.xcconfig */ = {isa = PBXFileReference; includeInIndex = 1; lastKnownFileType = text.xcconfig; name = "Pods-NegeVibe.release.xcconfig"; path = "Pods/Target Support Files/Pods-NegeVibe/Pods-NegeVibe.release.xcconfig"; sourceTree = "<group>"; };
		EE1E1D1821CF82AA00F80763 /* VarelaRound-Regular.ttf */ = {isa = PBXFileReference; lastKnownFileType = file; path = "VarelaRound-Regular.ttf"; sourceTree = "<group>"; };
		EE1E1D1A21CF97EE00F80763 /* PaddingLabel.swift */ = {isa = PBXFileReference; lastKnownFileType = sourcecode.swift; path = PaddingLabel.swift; sourceTree = "<group>"; };
		EE783B3021E5FABC004AF043 /* TicketsBookedViewController.swift */ = {isa = PBXFileReference; lastKnownFileType = sourcecode.swift; path = TicketsBookedViewController.swift; sourceTree = "<group>"; };
		EE783B3221E5FAE8004AF043 /* TicketsBookedTableViewCell.swift */ = {isa = PBXFileReference; lastKnownFileType = sourcecode.swift; path = TicketsBookedTableViewCell.swift; sourceTree = "<group>"; };
		EEDB83BA21E64B1A00C17BAF /* ChatListViewController.swift */ = {isa = PBXFileReference; lastKnownFileType = sourcecode.swift; path = ChatListViewController.swift; sourceTree = "<group>"; };
		EEDB83BC21E64B7B00C17BAF /* ChatListTableViewCell.swift */ = {isa = PBXFileReference; lastKnownFileType = sourcecode.swift; path = ChatListTableViewCell.swift; sourceTree = "<group>"; };
/* End PBXFileReference section */

/* Begin PBXFrameworksBuildPhase section */
		8CEB9B2021AED0AF009B55FF /* Frameworks */ = {
			isa = PBXFrameworksBuildPhase;
			buildActionMask = 2147483647;
			files = (
				56479C6616582B1F8F5EC795 /* Pods_NegeVibe.framework in Frameworks */,
			);
			runOnlyForDeploymentPostprocessing = 0;
		};
/* End PBXFrameworksBuildPhase section */

/* Begin PBXGroup section */
		335453F0D9549C99855DC158 /* Pods */ = {
			isa = PBXGroup;
			children = (
				1568CED266995431D624AB8E /* Pods-NegeVibe.debug.xcconfig */,
				E0DAF5D6A1FFEFF36AE6BC7F /* Pods-NegeVibe.release.xcconfig */,
			);
			name = Pods;
			sourceTree = "<group>";
		};
		460737E9A7DD8AAE8848C34B /* Frameworks */ = {
			isa = PBXGroup;
			children = (
				5DD9E03D247132BBB0F1369B /* Pods_NegeVibe.framework */,
			);
			name = Frameworks;
			sourceTree = "<group>";
		};
		8C1ACD0F21B07BF500103D9E /* ViewControllers */ = {
			isa = PBXGroup;
			children = (
				7C44EF6221BEB3E400B17C48 /* CustomMessageViewCell.swift */,
				8C1ACD0B21B03A8B00103D9E /* EventMapViewController.swift */,
				8C1ACD1021B2BA2000103D9E /* EventCollectionViewController.swift */,
				8C1ACD5121BAFB2400103D9E /* VibesViewController.swift */,
				A1CE21F921C130D000DFE4B0 /* EventsDetailsViewController.swift */,
				A1CE21FB21C64CC700DFE4B0 /* EventTableViewController.swift */,
				8C8B72B121D216AF0090A2DA /* ScannerViewController.swift */,
				8C8B72BB21D4E0800090A2DA /* EventMenuViewController.swift */,
				A1921D5E21D535340059FF85 /* MyEventViewController.swift */,
				8C8B72BF21D65A3C0090A2DA /* TicketViewController.swift */,
				8CA46F3421E2102C00A148F2 /* SignInViewController.swift */,
				8CA46F3621E34A8500A148F2 /* ChatViewController.swift */,
				EE783B3021E5FABC004AF043 /* TicketsBookedViewController.swift */,
				EEDB83BA21E64B1A00C17BAF /* ChatListViewController.swift */,
			);
			path = ViewControllers;
			sourceTree = "<group>";
		};
		8C1ACD4521B7F81D00103D9E /* ViewCells */ = {
			isa = PBXGroup;
			children = (
				EEDB83BC21E64B7B00C17BAF /* ChatListTableViewCell.swift */,
				8C1ACD1221B2BA7000103D9E /* EventCollectionViewCell.swift */,
				8C1ACD4621B7F88100103D9E /* SearchResultTableViewCell.swift */,
				8C1ACD5321BAFB6300103D9E /* VibesCollectionViewCell.swift */,
				A1CE21FD21C658A700DFE4B0 /* EventTableViewCell.swift */,
				A1CE21FE21C658A700DFE4B0 /* EventTableViewCell.xib */,
				8C54B54F21CCCDDA0002CD08 /* MyMessageTableViewCell.swift */,
				8C54B55121CCCDF00002CD08 /* OthersChatMessageTableViewCell.swift */,
				8C8B72B721D4E0200090A2DA /* EventMenuTableViewCell.swift */,
				8CA46F3821E355E500A148F2 /* CarpoolTableViewCell.swift */,
				EE783B3221E5FAE8004AF043 /* TicketsBookedTableViewCell.swift */,
			);
			path = ViewCells;
			sourceTree = "<group>";
		};
		8C1ACD4821B7FAED00103D9E /* Push */ = {
			isa = PBXGroup;
			children = (
				8C1ACD4921B7FAFE00103D9E /* PushPostDummy.swift */,
			);
			path = Push;
			sourceTree = "<group>";
		};
		8C1ACD4B21B938F700103D9E /* LocationUtils */ = {
			isa = PBXGroup;
			children = (
				8C1ACD0D21B0414300103D9E /* Artwork.swift */,
				8C1ACD9721BD055200103D9E /* MLocationManager.swift */,
				8C1ACD4C21B9392200103D9E /* CurrentLocation.swift */,
				8C1ACD9E21BD463B00103D9E /* CustomAnnotation.swift */,
				8C8B72AF21CE41880090A2DA /* VibesDelegate.swift */,
			);
			path = LocationUtils;
			sourceTree = "<group>";
		};
		8C1ACD4E21B97D2000103D9E /* Library */ = {
			isa = PBXGroup;
			children = (
				8C1ACD4F21B97D4400103D9E /* EventsLibrary.swift */,
			);
			path = Library;
			sourceTree = "<group>";
		};
		8C9DE3F521E5FE1F00A92A5D /* UserUtils */ = {
			isa = PBXGroup;
			children = (
				8C9DE3F621E5FE4700A92A5D /* SignedInUser.swift */,
				8C6B734221E7990F00D21D9D /* CreateANewUser.swift */,
			);
			path = UserUtils;
			sourceTree = "<group>";
		};
		8C9DE3FA21E5FECC00A92A5D /* UserTypes */ = {
			isa = PBXGroup;
			children = (
				8C9DE3F821E5FEC400A92A5D /* AnonymousUser.swift */,
			);
			path = UserTypes;
			sourceTree = "<group>";
		};
		8C9DE3FB21E6158900A92A5D /* Update */ = {
			isa = PBXGroup;
			children = (
				8C9DE3FC21E615AC00A92A5D /* UpdateUsername.swift */,
				8C6B733D21E7855700D21D9D /* FavoritesUpdate.swift */,
			);
			path = Update;
			sourceTree = "<group>";
		};
		8CEB9B1A21AED0AF009B55FF = {
			isa = PBXGroup;
			children = (
				8CEB9B2521AED0AF009B55FF /* NegeVibe */,
				8CEB9B2421AED0AF009B55FF /* Products */,
				335453F0D9549C99855DC158 /* Pods */,
				460737E9A7DD8AAE8848C34B /* Frameworks */,
			);
			sourceTree = "<group>";
		};
		8CEB9B2421AED0AF009B55FF /* Products */ = {
			isa = PBXGroup;
			children = (
				8CEB9B2321AED0AF009B55FF /* NegeVibe.app */,
			);
			name = Products;
			sourceTree = "<group>";
		};
		8CEB9B2521AED0AF009B55FF /* NegeVibe */ = {
			isa = PBXGroup;
			children = (
				8C1ACD4B21B938F700103D9E /* LocationUtils */,
				8C1ACD4521B7F81D00103D9E /* ViewCells */,
				8C1ACD0F21B07BF500103D9E /* ViewControllers */,
				8CEB9B4221AEDE27009B55FF /* Utils */,
				8CEB9B3F21AED100009B55FF /* Object */,
				8CEB9B3B21AED0BD009B55FF /* DB */,
				8CEB9B2A21AED0AF009B55FF /* Main.storyboard */,
				8CEB9B3221AED0B2009B55FF /* LaunchScreen.storyboard */,
				8CA46F3221E1FA3E00A148F2 /* GoogleService-Info.plist */,
				8CEB9B3521AED0B2009B55FF /* Info.plist */,
				8CEB9B2D21AED0AF009B55FF /* NegeVibe.xcdatamodeld */,
				8C1ACD9D21BD3ED900103D9E /* LocationNav.gpx */,
				8CE84BF021BFFA98006C8A93 /* sderot.gpx */,
			);
			path = NegeVibe;
			sourceTree = "<group>";
		};
		8CEB9B3B21AED0BD009B55FF /* DB */ = {
			isa = PBXGroup;
			children = (
				8C9DE3FB21E6158900A92A5D /* Update */,
				8C9DE3F521E5FE1F00A92A5D /* UserUtils */,
				8C1ACD4E21B97D2000103D9E /* Library */,
				8C1ACD4821B7FAED00103D9E /* Push */,
				8CEB9B3C21AED0C9009B55FF /* Get */,
			);
			path = DB;
			sourceTree = "<group>";
		};
		8CEB9B3C21AED0C9009B55FF /* Get */ = {
			isa = PBXGroup;
			children = (
				8CEB9B3D21AED0DF009B55FF /* GetEvents.swift */,
				8C8B72B521D39B500090A2DA /* QRGenerator.swift */,
				8C6B733B21E63F9A00D21D9D /* GetUserChatName.swift */,
			);
			path = Get;
			sourceTree = "<group>";
		};
		8CEB9B3F21AED100009B55FF /* Object */ = {
			isa = PBXGroup;
			children = (
				8C9DE3FA21E5FECC00A92A5D /* UserTypes */,
				8CEB9B4021AED118009B55FF /* Event.swift */,
				8C1ACD0721B033FE00103D9E /* Images.swift */,
				8C1ACD0921B0376800103D9E /* Symbology.swift */,
				8C1ACDA221BD5F3800103D9E /* GeoAddress.swift */,
				8CE84BEE21BFE79E006C8A93 /* FeaturedBanners.swift */,
				8C8B72BD21D4E2C70090A2DA /* EventMenu.swift */,
				A1921D5A21D5271F0059FF85 /* Ticket.swift */,
				A1921D5C21D529090059FF85 /* TypeOfTicket.swift */,
				8CA46F3A21E3680D00A148F2 /* CarpoolMessage.swift */,
				8CA46F3D21E3696400A148F2 /* ChatMessage.swift */,
			);
			path = Object;
			sourceTree = "<group>";
		};
		8CEB9B4221AEDE27009B55FF /* Utils */ = {
			isa = PBXGroup;
			children = (
				EE1E1D1721CF820E00F80763 /* Font */,
				8CEB9B2621AED0AF009B55FF /* AppDelegate.swift */,
				A1921D6021D5559B0059FF85 /* Assets.xcassets */,
				8CEB9B4321AEDE4B009B55FF /* JustHUD.swift */,
				8C1ACD4321B7D03A00103D9E /* Popup.swift */,
				8C7E560021CBA27000191307 /* Toast.swift */,
				8C7E560221CBA33E00191307 /* RoundCorners.swift */,
				8C7E560421CC02C300191307 /* Colors.swift */,
				EE1E1D1A21CF97EE00F80763 /* PaddingLabel.swift */,
				A1632D1821E7817400699AE7 /* DropDown.swift */,
			);
			path = Utils;
			sourceTree = "<group>";
		};
		EE1E1D1721CF820E00F80763 /* Font */ = {
			isa = PBXGroup;
			children = (
				EE1E1D1821CF82AA00F80763 /* VarelaRound-Regular.ttf */,
			);
			path = Font;
			sourceTree = "<group>";
		};
/* End PBXGroup section */

/* Begin PBXNativeTarget section */
		8CEB9B2221AED0AF009B55FF /* NegeVibe */ = {
			isa = PBXNativeTarget;
			buildConfigurationList = 8CEB9B3821AED0B2009B55FF /* Build configuration list for PBXNativeTarget "NegeVibe" */;
			buildPhases = (
				9CCC0D66F4F70E724ADB3ACA /* [CP] Check Pods Manifest.lock */,
				8CEB9B1F21AED0AF009B55FF /* Sources */,
				8CEB9B2021AED0AF009B55FF /* Frameworks */,
				8CEB9B2121AED0AF009B55FF /* Resources */,
				82CB0FC7F9E9D2CD66D80B9E /* [CP] Embed Pods Frameworks */,
				ED5A173144B9AB98EF04C41B /* [CP] Copy Pods Resources */,
			);
			buildRules = (
			);
			dependencies = (
			);
			name = NegeVibe;
			productName = NegeVibe;
			productReference = 8CEB9B2321AED0AF009B55FF /* NegeVibe.app */;
			productType = "com.apple.product-type.application";
		};
/* End PBXNativeTarget section */

/* Begin PBXProject section */
		8CEB9B1B21AED0AF009B55FF /* Project object */ = {
			isa = PBXProject;
			attributes = {
				LastSwiftUpdateCheck = 1010;
				LastUpgradeCheck = 1010;
				ORGANIZATIONNAME = test;
				TargetAttributes = {
					8CEB9B2221AED0AF009B55FF = {
						CreatedOnToolsVersion = 10.1;
					};
				};
			};
			buildConfigurationList = 8CEB9B1E21AED0AF009B55FF /* Build configuration list for PBXProject "NegeVibe" */;
			compatibilityVersion = "Xcode 9.3";
			developmentRegion = en;
			hasScannedForEncodings = 0;
			knownRegions = (
				en,
				Base,
			);
			mainGroup = 8CEB9B1A21AED0AF009B55FF;
			productRefGroup = 8CEB9B2421AED0AF009B55FF /* Products */;
			projectDirPath = "";
			projectRoot = "";
			targets = (
				8CEB9B2221AED0AF009B55FF /* NegeVibe */,
			);
		};
/* End PBXProject section */

/* Begin PBXResourcesBuildPhase section */
		8CEB9B2121AED0AF009B55FF /* Resources */ = {
			isa = PBXResourcesBuildPhase;
			buildActionMask = 2147483647;
			files = (
				A1CE220021C658A700DFE4B0 /* EventTableViewCell.xib in Resources */,
				EE1E1D1921CF82AA00F80763 /* VarelaRound-Regular.ttf in Resources */,
				8CEB9B3421AED0B2009B55FF /* LaunchScreen.storyboard in Resources */,
				8CEB9B2C21AED0AF009B55FF /* Main.storyboard in Resources */,
				A1921D6121D5559C0059FF85 /* Assets.xcassets in Resources */,
				8CA46F3321E1FA3E00A148F2 /* GoogleService-Info.plist in Resources */,
			);
			runOnlyForDeploymentPostprocessing = 0;
		};
/* End PBXResourcesBuildPhase section */

/* Begin PBXShellScriptBuildPhase section */
		82CB0FC7F9E9D2CD66D80B9E /* [CP] Embed Pods Frameworks */ = {
			isa = PBXShellScriptBuildPhase;
			buildActionMask = 2147483647;
			files = (
			);
			inputPaths = (
				"${SRCROOT}/Pods/Target Support Files/Pods-NegeVibe/Pods-NegeVibe-frameworks.sh",
				"${BUILT_PRODUCTS_DIR}/BoringSSL/openssl.framework",
				"${BUILT_PRODUCTS_DIR}/GTMSessionFetcher/GTMSessionFetcher.framework",
				"${BUILT_PRODUCTS_DIR}/GoogleUtilities/GoogleUtilities.framework",
				"${BUILT_PRODUCTS_DIR}/IQKeyboardManagerSwift/IQKeyboardManagerSwift.framework",
				"${BUILT_PRODUCTS_DIR}/MDFTextAccessibility/MDFTextAccessibility.framework",
				"${BUILT_PRODUCTS_DIR}/MaterialComponents/MaterialComponents.framework",
				"${BUILT_PRODUCTS_DIR}/Protobuf/Protobuf.framework",
				"${BUILT_PRODUCTS_DIR}/SDWebImage/SDWebImage.framework",
				"${BUILT_PRODUCTS_DIR}/gRPC-C++/grpcpp.framework",
				"${BUILT_PRODUCTS_DIR}/gRPC-Core/grpc.framework",
				"${BUILT_PRODUCTS_DIR}/leveldb-library/leveldb.framework",
				"${BUILT_PRODUCTS_DIR}/nanopb/nanopb.framework",
			);
			name = "[CP] Embed Pods Frameworks";
			outputPaths = (
				"${TARGET_BUILD_DIR}/${FRAMEWORKS_FOLDER_PATH}/openssl.framework",
				"${TARGET_BUILD_DIR}/${FRAMEWORKS_FOLDER_PATH}/GTMSessionFetcher.framework",
				"${TARGET_BUILD_DIR}/${FRAMEWORKS_FOLDER_PATH}/GoogleUtilities.framework",
				"${TARGET_BUILD_DIR}/${FRAMEWORKS_FOLDER_PATH}/IQKeyboardManagerSwift.framework",
				"${TARGET_BUILD_DIR}/${FRAMEWORKS_FOLDER_PATH}/MDFTextAccessibility.framework",
				"${TARGET_BUILD_DIR}/${FRAMEWORKS_FOLDER_PATH}/MaterialComponents.framework",
				"${TARGET_BUILD_DIR}/${FRAMEWORKS_FOLDER_PATH}/Protobuf.framework",
				"${TARGET_BUILD_DIR}/${FRAMEWORKS_FOLDER_PATH}/SDWebImage.framework",
				"${TARGET_BUILD_DIR}/${FRAMEWORKS_FOLDER_PATH}/grpcpp.framework",
				"${TARGET_BUILD_DIR}/${FRAMEWORKS_FOLDER_PATH}/grpc.framework",
				"${TARGET_BUILD_DIR}/${FRAMEWORKS_FOLDER_PATH}/leveldb.framework",
				"${TARGET_BUILD_DIR}/${FRAMEWORKS_FOLDER_PATH}/nanopb.framework",
			);
			runOnlyForDeploymentPostprocessing = 0;
			shellPath = /bin/sh;
			shellScript = "\"${SRCROOT}/Pods/Target Support Files/Pods-NegeVibe/Pods-NegeVibe-frameworks.sh\"\n";
			showEnvVarsInLog = 0;
		};
		9CCC0D66F4F70E724ADB3ACA /* [CP] Check Pods Manifest.lock */ = {
			isa = PBXShellScriptBuildPhase;
			buildActionMask = 2147483647;
			files = (
			);
			inputPaths = (
				"${PODS_PODFILE_DIR_PATH}/Podfile.lock",
				"${PODS_ROOT}/Manifest.lock",
			);
			name = "[CP] Check Pods Manifest.lock";
			outputPaths = (
				"$(DERIVED_FILE_DIR)/Pods-NegeVibe-checkManifestLockResult.txt",
			);
			runOnlyForDeploymentPostprocessing = 0;
			shellPath = /bin/sh;
			shellScript = "diff \"${PODS_PODFILE_DIR_PATH}/Podfile.lock\" \"${PODS_ROOT}/Manifest.lock\" > /dev/null\nif [ $? != 0 ] ; then\n    # print error to STDERR\n    echo \"error: The sandbox is not in sync with the Podfile.lock. Run 'pod install' or update your CocoaPods installation.\" >&2\n    exit 1\nfi\n# This output is used by Xcode 'outputs' to avoid re-running this script phase.\necho \"SUCCESS\" > \"${SCRIPT_OUTPUT_FILE_0}\"\n";
			showEnvVarsInLog = 0;
		};
		ED5A173144B9AB98EF04C41B /* [CP] Copy Pods Resources */ = {
			isa = PBXShellScriptBuildPhase;
			buildActionMask = 2147483647;
			files = (
			);
			inputPaths = (
				"${SRCROOT}/Pods/Target Support Files/Pods-NegeVibe/Pods-NegeVibe-resources.sh",
				"${PODS_CONFIGURATION_BUILD_DIR}/FirebaseFirestore/gRPCCertificates-Firestore.bundle",
			);
			name = "[CP] Copy Pods Resources";
			outputPaths = (
				"${TARGET_BUILD_DIR}/${UNLOCALIZED_RESOURCES_FOLDER_PATH}/gRPCCertificates-Firestore.bundle",
			);
			runOnlyForDeploymentPostprocessing = 0;
			shellPath = /bin/sh;
			shellScript = "\"${SRCROOT}/Pods/Target Support Files/Pods-NegeVibe/Pods-NegeVibe-resources.sh\"\n";
			showEnvVarsInLog = 0;
		};
/* End PBXShellScriptBuildPhase section */

/* Begin PBXSourcesBuildPhase section */
		8CEB9B1F21AED0AF009B55FF /* Sources */ = {
			isa = PBXSourcesBuildPhase;
			buildActionMask = 2147483647;
			files = (
				8C1ACD0E21B0414300103D9E /* Artwork.swift in Sources */,
				8C7E560521CC02C300191307 /* Colors.swift in Sources */,
				8CA46F3E21E3696400A148F2 /* ChatMessage.swift in Sources */,
				A1CE21FC21C64CC700DFE4B0 /* EventTableViewController.swift in Sources */,
				8C6B733C21E63F9A00D21D9D /* GetUserChatName.swift in Sources */,
				8C1ACD4721B7F88100103D9E /* SearchResultTableViewCell.swift in Sources */,
				EE783B3321E5FAE8004AF043 /* TicketsBookedTableViewCell.swift in Sources */,
				8C1ACD5221BAFB2400103D9E /* VibesViewController.swift in Sources */,
				8C9DE3F721E5FE4700A92A5D /* SignedInUser.swift in Sources */,
				8C9DE3F921E5FEC400A92A5D /* AnonymousUser.swift in Sources */,
				8C1ACD1321B2BA7000103D9E /* EventCollectionViewCell.swift in Sources */,
				8C8B72B821D4E0200090A2DA /* EventMenuTableViewCell.swift in Sources */,
				8C1ACD0821B033FE00103D9E /* Images.swift in Sources */,
				8CA46F3921E355E500A148F2 /* CarpoolTableViewCell.swift in Sources */,
				8C6B734321E7990F00D21D9D /* CreateANewUser.swift in Sources */,
				8C8B72BE21D4E2C70090A2DA /* EventMenu.swift in Sources */,
				8C54B55221CCCDF00002CD08 /* OthersChatMessageTableViewCell.swift in Sources */,
				8CEB9B4421AEDE4B009B55FF /* JustHUD.swift in Sources */,
				8C54B55021CCCDDA0002CD08 /* MyMessageTableViewCell.swift in Sources */,
				A1921D5B21D5271F0059FF85 /* Ticket.swift in Sources */,
				8C8B72B021CE41880090A2DA /* VibesDelegate.swift in Sources */,
				8C7E560121CBA27000191307 /* Toast.swift in Sources */,
				8C1ACD4A21B7FAFE00103D9E /* PushPostDummy.swift in Sources */,
				8C6B733E21E7855700D21D9D /* FavoritesUpdate.swift in Sources */,
				8CEB9B2F21AED0AF009B55FF /* NegeVibe.xcdatamodeld in Sources */,
				8C1ACD0C21B03A8B00103D9E /* EventMapViewController.swift in Sources */,
				8CA46F3B21E3680D00A148F2 /* CarpoolMessage.swift in Sources */,
				8C8B72B221D216AF0090A2DA /* ScannerViewController.swift in Sources */,
				8C1ACDA321BD5F3800103D9E /* GeoAddress.swift in Sources */,
				8C9DE3FD21E615AC00A92A5D /* UpdateUsername.swift in Sources */,
				EEDB83BB21E64B1A00C17BAF /* ChatListViewController.swift in Sources */,
				8CEB9B2721AED0AF009B55FF /* AppDelegate.swift in Sources */,
				8C7E560321CBA33E00191307 /* RoundCorners.swift in Sources */,
				8CA46F3521E2102C00A148F2 /* SignInViewController.swift in Sources */,
				8C8B72BC21D4E0800090A2DA /* EventMenuViewController.swift in Sources */,
				8C1ACD5421BAFB6300103D9E /* VibesCollectionViewCell.swift in Sources */,
				8CE84BEF21BFE79E006C8A93 /* FeaturedBanners.swift in Sources */,
				A1921D5D21D529090059FF85 /* TypeOfTicket.swift in Sources */,
				A1CE21FF21C658A700DFE4B0 /* EventTableViewCell.swift in Sources */,
				EE1E1D1B21CF97EE00F80763 /* PaddingLabel.swift in Sources */,
				8C1ACD9F21BD463B00103D9E /* CustomAnnotation.swift in Sources */,
				8C1ACD4D21B9392200103D9E /* CurrentLocation.swift in Sources */,
				EE783B3121E5FABC004AF043 /* TicketsBookedViewController.swift in Sources */,
				8C1ACD9821BD055200103D9E /* MLocationManager.swift in Sources */,
				A1921D5F21D535340059FF85 /* MyEventViewController.swift in Sources */,
				7C44EF6421BEB3E400B17C48 /* CustomMessageViewCell.swift in Sources */,
				8C1ACD5021B97D4400103D9E /* EventsLibrary.swift in Sources */,
				8C8B72C021D65A3C0090A2DA /* TicketViewController.swift in Sources */,
				A1CE21FA21C130D000DFE4B0 /* EventsDetailsViewController.swift in Sources */,
				8C1ACD1121B2BA2100103D9E /* EventCollectionViewController.swift in Sources */,
				A1632D1921E7817400699AE7 /* DropDown.swift in Sources */,
				8CEB9B3E21AED0DF009B55FF /* GetEvents.swift in Sources */,
				8C8B72B621D39B500090A2DA /* QRGenerator.swift in Sources */,
				8C1ACD4421B7D03A00103D9E /* Popup.swift in Sources */,
				8CEB9B4121AED118009B55FF /* Event.swift in Sources */,
				EEDB83BD21E64B7B00C17BAF /* ChatListTableViewCell.swift in Sources */,
				8CA46F3721E34A8500A148F2 /* ChatViewController.swift in Sources */,
				8C1ACD0A21B0376800103D9E /* Symbology.swift in Sources */,
			);
			runOnlyForDeploymentPostprocessing = 0;
		};
/* End PBXSourcesBuildPhase section */

/* Begin PBXVariantGroup section */
		8CEB9B2A21AED0AF009B55FF /* Main.storyboard */ = {
			isa = PBXVariantGroup;
			children = (
				8CEB9B2B21AED0AF009B55FF /* Base */,
			);
			name = Main.storyboard;
			sourceTree = "<group>";
		};
		8CEB9B3221AED0B2009B55FF /* LaunchScreen.storyboard */ = {
			isa = PBXVariantGroup;
			children = (
				8CEB9B3321AED0B2009B55FF /* Base */,
			);
			name = LaunchScreen.storyboard;
			sourceTree = "<group>";
		};
/* End PBXVariantGroup section */

/* Begin XCBuildConfiguration section */
		8CEB9B3621AED0B2009B55FF /* Debug */ = {
			isa = XCBuildConfiguration;
			buildSettings = {
				ALWAYS_SEARCH_USER_PATHS = NO;
				CLANG_ANALYZER_NONNULL = YES;
				CLANG_ANALYZER_NUMBER_OBJECT_CONVERSION = YES_AGGRESSIVE;
				CLANG_CXX_LANGUAGE_STANDARD = "gnu++14";
				CLANG_CXX_LIBRARY = "libc++";
				CLANG_ENABLE_MODULES = YES;
				CLANG_ENABLE_OBJC_ARC = YES;
				CLANG_ENABLE_OBJC_WEAK = YES;
				CLANG_WARN_BLOCK_CAPTURE_AUTORELEASING = YES;
				CLANG_WARN_BOOL_CONVERSION = YES;
				CLANG_WARN_COMMA = YES;
				CLANG_WARN_CONSTANT_CONVERSION = YES;
				CLANG_WARN_DEPRECATED_OBJC_IMPLEMENTATIONS = YES;
				CLANG_WARN_DIRECT_OBJC_ISA_USAGE = YES_ERROR;
				CLANG_WARN_DOCUMENTATION_COMMENTS = YES;
				CLANG_WARN_EMPTY_BODY = YES;
				CLANG_WARN_ENUM_CONVERSION = YES;
				CLANG_WARN_INFINITE_RECURSION = YES;
				CLANG_WARN_INT_CONVERSION = YES;
				CLANG_WARN_NON_LITERAL_NULL_CONVERSION = YES;
				CLANG_WARN_OBJC_IMPLICIT_RETAIN_SELF = YES;
				CLANG_WARN_OBJC_LITERAL_CONVERSION = YES;
				CLANG_WARN_OBJC_ROOT_CLASS = YES_ERROR;
				CLANG_WARN_RANGE_LOOP_ANALYSIS = YES;
				CLANG_WARN_STRICT_PROTOTYPES = YES;
				CLANG_WARN_SUSPICIOUS_MOVE = YES;
				CLANG_WARN_UNGUARDED_AVAILABILITY = YES_AGGRESSIVE;
				CLANG_WARN_UNREACHABLE_CODE = YES;
				CLANG_WARN__DUPLICATE_METHOD_MATCH = YES;
				CODE_SIGN_IDENTITY = "iPhone Developer";
				COPY_PHASE_STRIP = NO;
				DEBUG_INFORMATION_FORMAT = dwarf;
				ENABLE_STRICT_OBJC_MSGSEND = YES;
				ENABLE_TESTABILITY = YES;
				GCC_C_LANGUAGE_STANDARD = gnu11;
				GCC_DYNAMIC_NO_PIC = NO;
				GCC_NO_COMMON_BLOCKS = YES;
				GCC_OPTIMIZATION_LEVEL = 0;
				GCC_PREPROCESSOR_DEFINITIONS = (
					"DEBUG=1",
					"$(inherited)",
				);
				GCC_WARN_64_TO_32_BIT_CONVERSION = YES;
				GCC_WARN_ABOUT_RETURN_TYPE = YES_ERROR;
				GCC_WARN_UNDECLARED_SELECTOR = YES;
				GCC_WARN_UNINITIALIZED_AUTOS = YES_AGGRESSIVE;
				GCC_WARN_UNUSED_FUNCTION = YES;
				GCC_WARN_UNUSED_VARIABLE = YES;
				IPHONEOS_DEPLOYMENT_TARGET = 12.1;
				MTL_ENABLE_DEBUG_INFO = INCLUDE_SOURCE;
				MTL_FAST_MATH = YES;
				ONLY_ACTIVE_ARCH = YES;
				SDKROOT = iphoneos;
				SWIFT_ACTIVE_COMPILATION_CONDITIONS = DEBUG;
				SWIFT_OPTIMIZATION_LEVEL = "-Onone";
			};
			name = Debug;
		};
		8CEB9B3721AED0B2009B55FF /* Release */ = {
			isa = XCBuildConfiguration;
			buildSettings = {
				ALWAYS_SEARCH_USER_PATHS = NO;
				CLANG_ANALYZER_NONNULL = YES;
				CLANG_ANALYZER_NUMBER_OBJECT_CONVERSION = YES_AGGRESSIVE;
				CLANG_CXX_LANGUAGE_STANDARD = "gnu++14";
				CLANG_CXX_LIBRARY = "libc++";
				CLANG_ENABLE_MODULES = YES;
				CLANG_ENABLE_OBJC_ARC = YES;
				CLANG_ENABLE_OBJC_WEAK = YES;
				CLANG_WARN_BLOCK_CAPTURE_AUTORELEASING = YES;
				CLANG_WARN_BOOL_CONVERSION = YES;
				CLANG_WARN_COMMA = YES;
				CLANG_WARN_CONSTANT_CONVERSION = YES;
				CLANG_WARN_DEPRECATED_OBJC_IMPLEMENTATIONS = YES;
				CLANG_WARN_DIRECT_OBJC_ISA_USAGE = YES_ERROR;
				CLANG_WARN_DOCUMENTATION_COMMENTS = YES;
				CLANG_WARN_EMPTY_BODY = YES;
				CLANG_WARN_ENUM_CONVERSION = YES;
				CLANG_WARN_INFINITE_RECURSION = YES;
				CLANG_WARN_INT_CONVERSION = YES;
				CLANG_WARN_NON_LITERAL_NULL_CONVERSION = YES;
				CLANG_WARN_OBJC_IMPLICIT_RETAIN_SELF = YES;
				CLANG_WARN_OBJC_LITERAL_CONVERSION = YES;
				CLANG_WARN_OBJC_ROOT_CLASS = YES_ERROR;
				CLANG_WARN_RANGE_LOOP_ANALYSIS = YES;
				CLANG_WARN_STRICT_PROTOTYPES = YES;
				CLANG_WARN_SUSPICIOUS_MOVE = YES;
				CLANG_WARN_UNGUARDED_AVAILABILITY = YES_AGGRESSIVE;
				CLANG_WARN_UNREACHABLE_CODE = YES;
				CLANG_WARN__DUPLICATE_METHOD_MATCH = YES;
				CODE_SIGN_IDENTITY = "iPhone Developer";
				COPY_PHASE_STRIP = NO;
				DEBUG_INFORMATION_FORMAT = "dwarf-with-dsym";
				ENABLE_NS_ASSERTIONS = NO;
				ENABLE_STRICT_OBJC_MSGSEND = YES;
				GCC_C_LANGUAGE_STANDARD = gnu11;
				GCC_NO_COMMON_BLOCKS = YES;
				GCC_WARN_64_TO_32_BIT_CONVERSION = YES;
				GCC_WARN_ABOUT_RETURN_TYPE = YES_ERROR;
				GCC_WARN_UNDECLARED_SELECTOR = YES;
				GCC_WARN_UNINITIALIZED_AUTOS = YES_AGGRESSIVE;
				GCC_WARN_UNUSED_FUNCTION = YES;
				GCC_WARN_UNUSED_VARIABLE = YES;
				IPHONEOS_DEPLOYMENT_TARGET = 12.1;
				MTL_ENABLE_DEBUG_INFO = NO;
				MTL_FAST_MATH = YES;
				SDKROOT = iphoneos;
				SWIFT_COMPILATION_MODE = wholemodule;
				SWIFT_OPTIMIZATION_LEVEL = "-O";
				VALIDATE_PRODUCT = YES;
			};
			name = Release;
		};
		8CEB9B3921AED0B2009B55FF /* Debug */ = {
			isa = XCBuildConfiguration;
			baseConfigurationReference = 1568CED266995431D624AB8E /* Pods-NegeVibe.debug.xcconfig */;
			buildSettings = {
				ASSETCATALOG_COMPILER_APPICON_NAME = AppIcon;
				CODE_SIGN_STYLE = Automatic;
				DEVELOPMENT_TEAM = H524Y3R5B6;
				INFOPLIST_FILE = NegeVibe/Info.plist;
				LD_RUNPATH_SEARCH_PATHS = (
					"$(inherited)",
					"@executable_path/Frameworks",
				);
				PRODUCT_BUNDLE_IDENTIFIER = com.ranuskin.project.NegeVibe;
				PRODUCT_NAME = "$(TARGET_NAME)";
				SWIFT_VERSION = 4.2;
				TARGETED_DEVICE_FAMILY = "1,2";
			};
			name = Debug;
		};
		8CEB9B3A21AED0B2009B55FF /* Release */ = {
			isa = XCBuildConfiguration;
			baseConfigurationReference = E0DAF5D6A1FFEFF36AE6BC7F /* Pods-NegeVibe.release.xcconfig */;
			buildSettings = {
				ASSETCATALOG_COMPILER_APPICON_NAME = AppIcon;
				CODE_SIGN_STYLE = Automatic;
				DEVELOPMENT_TEAM = H524Y3R5B6;
				INFOPLIST_FILE = NegeVibe/Info.plist;
				LD_RUNPATH_SEARCH_PATHS = (
					"$(inherited)",
					"@executable_path/Frameworks",
				);
				PRODUCT_BUNDLE_IDENTIFIER = com.ranuskin.project.NegeVibe;
				PRODUCT_NAME = "$(TARGET_NAME)";
				SWIFT_VERSION = 4.2;
				TARGETED_DEVICE_FAMILY = "1,2";
			};
			name = Release;
		};
/* End XCBuildConfiguration section */

/* Begin XCConfigurationList section */
		8CEB9B1E21AED0AF009B55FF /* Build configuration list for PBXProject "NegeVibe" */ = {
			isa = XCConfigurationList;
			buildConfigurations = (
				8CEB9B3621AED0B2009B55FF /* Debug */,
				8CEB9B3721AED0B2009B55FF /* Release */,
			);
			defaultConfigurationIsVisible = 0;
			defaultConfigurationName = Release;
		};
		8CEB9B3821AED0B2009B55FF /* Build configuration list for PBXNativeTarget "NegeVibe" */ = {
			isa = XCConfigurationList;
			buildConfigurations = (
				8CEB9B3921AED0B2009B55FF /* Debug */,
				8CEB9B3A21AED0B2009B55FF /* Release */,
			);
			defaultConfigurationIsVisible = 0;
			defaultConfigurationName = Release;
		};
/* End XCConfigurationList section */

/* Begin XCVersionGroup section */
		8CEB9B2D21AED0AF009B55FF /* NegeVibe.xcdatamodeld */ = {
			isa = XCVersionGroup;
			children = (
				8CEB9B2E21AED0AF009B55FF /* NegeVibe.xcdatamodel */,
			);
			currentVersion = 8CEB9B2E21AED0AF009B55FF /* NegeVibe.xcdatamodel */;
			path = NegeVibe.xcdatamodeld;
			sourceTree = "<group>";
			versionGroupType = wrapper.xcdatamodel;
		};
/* End XCVersionGroup section */
	};
	rootObject = 8CEB9B1B21AED0AF009B55FF /* Project object */;
}
