// !$*UTF8*$!
{
	archiveVersion = 1;
	classes = {
	};
	objectVersion = 50;
	objects = {

/* Begin PBXBuildFile section */
		56479C6616582B1F8F5EC795 /* Pods_NegeVibe.framework in Frameworks */ = {isa = PBXBuildFile; fileRef = 5DD9E03D247132BBB0F1369B /* Pods_NegeVibe.framework */; };
		8C1ACD0821B033FE00103D9E /* Images.swift in Sources */ = {isa = PBXBuildFile; fileRef = 8C1ACD0721B033FE00103D9E /* Images.swift */; };
		8C1ACD0A21B0376800103D9E /* Symbology.swift in Sources */ = {isa = PBXBuildFile; fileRef = 8C1ACD0921B0376800103D9E /* Symbology.swift */; };
		8C1ACD0C21B03A8B00103D9E /* EventMapViewController.swift in Sources */ = {isa = PBXBuildFile; fileRef = 8C1ACD0B21B03A8B00103D9E /* EventMapViewController.swift */; };
		8CEB9B2721AED0AF009B55FF /* AppDelegate.swift in Sources */ = {isa = PBXBuildFile; fileRef = 8CEB9B2621AED0AF009B55FF /* AppDelegate.swift */; };
		8CEB9B2921AED0AF009B55FF /* ViewController.swift in Sources */ = {isa = PBXBuildFile; fileRef = 8CEB9B2821AED0AF009B55FF /* ViewController.swift */; };
		8CEB9B2C21AED0AF009B55FF /* Main.storyboard in Resources */ = {isa = PBXBuildFile; fileRef = 8CEB9B2A21AED0AF009B55FF /* Main.storyboard */; };
		8CEB9B2F21AED0AF009B55FF /* NegeVibe.xcdatamodeld in Sources */ = {isa = PBXBuildFile; fileRef = 8CEB9B2D21AED0AF009B55FF /* NegeVibe.xcdatamodeld */; };
		8CEB9B3121AED0B2009B55FF /* Assets.xcassets in Resources */ = {isa = PBXBuildFile; fileRef = 8CEB9B3021AED0B2009B55FF /* Assets.xcassets */; };
		8CEB9B3421AED0B2009B55FF /* LaunchScreen.storyboard in Resources */ = {isa = PBXBuildFile; fileRef = 8CEB9B3221AED0B2009B55FF /* LaunchScreen.storyboard */; };
		8CEB9B3E21AED0DF009B55FF /* GetEvents.swift in Sources */ = {isa = PBXBuildFile; fileRef = 8CEB9B3D21AED0DF009B55FF /* GetEvents.swift */; };
		8CEB9B4121AED118009B55FF /* Event.swift in Sources */ = {isa = PBXBuildFile; fileRef = 8CEB9B4021AED118009B55FF /* Event.swift */; };
		8CEB9B4421AEDE4B009B55FF /* JustHUD.swift in Sources */ = {isa = PBXBuildFile; fileRef = 8CEB9B4321AEDE4B009B55FF /* JustHUD.swift */; };
/* End PBXBuildFile section */

/* Begin PBXFileReference section */
		1568CED266995431D624AB8E /* Pods-NegeVibe.debug.xcconfig */ = {isa = PBXFileReference; includeInIndex = 1; lastKnownFileType = text.xcconfig; name = "Pods-NegeVibe.debug.xcconfig"; path = "Pods/Target Support Files/Pods-NegeVibe/Pods-NegeVibe.debug.xcconfig"; sourceTree = "<group>"; };
		5DD9E03D247132BBB0F1369B /* Pods_NegeVibe.framework */ = {isa = PBXFileReference; explicitFileType = wrapper.framework; includeInIndex = 0; path = Pods_NegeVibe.framework; sourceTree = BUILT_PRODUCTS_DIR; };
		8C1ACD0721B033FE00103D9E /* Images.swift */ = {isa = PBXFileReference; lastKnownFileType = sourcecode.swift; path = Images.swift; sourceTree = "<group>"; };
		8C1ACD0921B0376800103D9E /* Symbology.swift */ = {isa = PBXFileReference; lastKnownFileType = sourcecode.swift; path = Symbology.swift; sourceTree = "<group>"; };
		8C1ACD0B21B03A8B00103D9E /* EventMapViewController.swift */ = {isa = PBXFileReference; lastKnownFileType = sourcecode.swift; path = EventMapViewController.swift; sourceTree = "<group>"; };
		8CEB9B2321AED0AF009B55FF /* NegeVibe.app */ = {isa = PBXFileReference; explicitFileType = wrapper.application; includeInIndex = 0; path = NegeVibe.app; sourceTree = BUILT_PRODUCTS_DIR; };
		8CEB9B2621AED0AF009B55FF /* AppDelegate.swift */ = {isa = PBXFileReference; lastKnownFileType = sourcecode.swift; path = AppDelegate.swift; sourceTree = "<group>"; };
		8CEB9B2821AED0AF009B55FF /* ViewController.swift */ = {isa = PBXFileReference; lastKnownFileType = sourcecode.swift; path = ViewController.swift; sourceTree = "<group>"; };
		8CEB9B2B21AED0AF009B55FF /* Base */ = {isa = PBXFileReference; lastKnownFileType = file.storyboard; name = Base; path = Base.lproj/Main.storyboard; sourceTree = "<group>"; };
		8CEB9B2E21AED0AF009B55FF /* NegeVibe.xcdatamodel */ = {isa = PBXFileReference; lastKnownFileType = wrapper.xcdatamodel; path = NegeVibe.xcdatamodel; sourceTree = "<group>"; };
		8CEB9B3021AED0B2009B55FF /* Assets.xcassets */ = {isa = PBXFileReference; lastKnownFileType = folder.assetcatalog; path = Assets.xcassets; sourceTree = "<group>"; };
		8CEB9B3321AED0B2009B55FF /* Base */ = {isa = PBXFileReference; lastKnownFileType = file.storyboard; name = Base; path = Base.lproj/LaunchScreen.storyboard; sourceTree = "<group>"; };
		8CEB9B3521AED0B2009B55FF /* Info.plist */ = {isa = PBXFileReference; lastKnownFileType = text.plist.xml; path = Info.plist; sourceTree = "<group>"; };
		8CEB9B3D21AED0DF009B55FF /* GetEvents.swift */ = {isa = PBXFileReference; lastKnownFileType = sourcecode.swift; path = GetEvents.swift; sourceTree = "<group>"; };
		8CEB9B4021AED118009B55FF /* Event.swift */ = {isa = PBXFileReference; lastKnownFileType = sourcecode.swift; path = Event.swift; sourceTree = "<group>"; };
		8CEB9B4321AEDE4B009B55FF /* JustHUD.swift */ = {isa = PBXFileReference; lastKnownFileType = sourcecode.swift; path = JustHUD.swift; sourceTree = "<group>"; };
		E0DAF5D6A1FFEFF36AE6BC7F /* Pods-NegeVibe.release.xcconfig */ = {isa = PBXFileReference; includeInIndex = 1; lastKnownFileType = text.xcconfig; name = "Pods-NegeVibe.release.xcconfig"; path = "Pods/Target Support Files/Pods-NegeVibe/Pods-NegeVibe.release.xcconfig"; sourceTree = "<group>"; };
/* End PBXFileReference section */

/* Begin PBXFrameworksBuildPhase section */
		8CEB9B2021AED0AF009B55FF /* Frameworks */ = {
			isa = PBXFrameworksBuildPhase;
			buildActionMask = 2147483647;
			files = (
				56479C6616582B1F8F5EC795 /* Pods_NegeVibe.framework in Frameworks */,
			);
			runOnlyForDeploymentPostprocessing = 0;
		};
/* End PBXFrameworksBuildPhase section */

/* Begin PBXGroup section */
		335453F0D9549C99855DC158 /* Pods */ = {
			isa = PBXGroup;
			children = (
				1568CED266995431D624AB8E /* Pods-NegeVibe.debug.xcconfig */,
				E0DAF5D6A1FFEFF36AE6BC7F /* Pods-NegeVibe.release.xcconfig */,
			);
			name = Pods;
			sourceTree = "<group>";
		};
		460737E9A7DD8AAE8848C34B /* Frameworks */ = {
			isa = PBXGroup;
			children = (
				5DD9E03D247132BBB0F1369B /* Pods_NegeVibe.framework */,
			);
			name = Frameworks;
			sourceTree = "<group>";
		};
		8CEB9B1A21AED0AF009B55FF = {
			isa = PBXGroup;
			children = (
				8CEB9B2521AED0AF009B55FF /* NegeVibe */,
				8CEB9B2421AED0AF009B55FF /* Products */,
				335453F0D9549C99855DC158 /* Pods */,
				460737E9A7DD8AAE8848C34B /* Frameworks */,
			);
			sourceTree = "<group>";
		};
		8CEB9B2421AED0AF009B55FF /* Products */ = {
			isa = PBXGroup;
			children = (
				8CEB9B2321AED0AF009B55FF /* NegeVibe.app */,
			);
			name = Products;
			sourceTree = "<group>";
		};
		8CEB9B2521AED0AF009B55FF /* NegeVibe */ = {
			isa = PBXGroup;
			children = (
				8CEB9B4221AEDE27009B55FF /* Utils */,
				8CEB9B3F21AED100009B55FF /* Object */,
				8CEB9B3B21AED0BD009B55FF /* DB */,
				8CEB9B2621AED0AF009B55FF /* AppDelegate.swift */,
				8CEB9B2821AED0AF009B55FF /* ViewController.swift */,
				8CEB9B2A21AED0AF009B55FF /* Main.storyboard */,
				8CEB9B3221AED0B2009B55FF /* LaunchScreen.storyboard */,
				8CEB9B3521AED0B2009B55FF /* Info.plist */,
				8CEB9B2D21AED0AF009B55FF /* NegeVibe.xcdatamodeld */,
				8C1ACD0B21B03A8B00103D9E /* EventMapViewController.swift */,
			);
			path = NegeVibe;
			sourceTree = "<group>";
		};
		8CEB9B3B21AED0BD009B55FF /* DB */ = {
			isa = PBXGroup;
			children = (
				8CEB9B3C21AED0C9009B55FF /* Get */,
			);
			path = DB;
			sourceTree = "<group>";
		};
		8CEB9B3C21AED0C9009B55FF /* Get */ = {
			isa = PBXGroup;
			children = (
				8CEB9B3D21AED0DF009B55FF /* GetEvents.swift */,
			);
			path = Get;
			sourceTree = "<group>";
		};
		8CEB9B3F21AED100009B55FF /* Object */ = {
			isa = PBXGroup;
			children = (
				8CEB9B4021AED118009B55FF /* Event.swift */,
				8C1ACD0721B033FE00103D9E /* Images.swift */,
				8C1ACD0921B0376800103D9E /* Symbology.swift */,
			);
			path = Object;
			sourceTree = "<group>";
		};
		8CEB9B4221AEDE27009B55FF /* Utils */ = {
			isa = PBXGroup;
			children = (
				8CEB9B3021AED0B2009B55FF /* Assets.xcassets */,
				8CEB9B4321AEDE4B009B55FF /* JustHUD.swift */,
			);
			path = Utils;
			sourceTree = "<group>";
		};
/* End PBXGroup section */

/* Begin PBXNativeTarget section */
		8CEB9B2221AED0AF009B55FF /* NegeVibe */ = {
			isa = PBXNativeTarget;
			buildConfigurationList = 8CEB9B3821AED0B2009B55FF /* Build configuration list for PBXNativeTarget "NegeVibe" */;
			buildPhases = (
				9CCC0D66F4F70E724ADB3ACA /* [CP] Check Pods Manifest.lock */,
				8CEB9B1F21AED0AF009B55FF /* Sources */,
				8CEB9B2021AED0AF009B55FF /* Frameworks */,
				8CEB9B2121AED0AF009B55FF /* Resources */,
				82CB0FC7F9E9D2CD66D80B9E /* [CP] Embed Pods Frameworks */,
			);
			buildRules = (
			);
			dependencies = (
			);
			name = NegeVibe;
			productName = NegeVibe;
			productReference = 8CEB9B2321AED0AF009B55FF /* NegeVibe.app */;
			productType = "com.apple.product-type.application";
		};
/* End PBXNativeTarget section */

/* Begin PBXProject section */
		8CEB9B1B21AED0AF009B55FF /* Project object */ = {
			isa = PBXProject;
			attributes = {
				LastSwiftUpdateCheck = 1010;
				LastUpgradeCheck = 1010;
				ORGANIZATIONNAME = test;
				TargetAttributes = {
					8CEB9B2221AED0AF009B55FF = {
						CreatedOnToolsVersion = 10.1;
					};
				};
			};
			buildConfigurationList = 8CEB9B1E21AED0AF009B55FF /* Build configuration list for PBXProject "NegeVibe" */;
			compatibilityVersion = "Xcode 9.3";
			developmentRegion = en;
			hasScannedForEncodings = 0;
			knownRegions = (
				en,
				Base,
			);
			mainGroup = 8CEB9B1A21AED0AF009B55FF;
			productRefGroup = 8CEB9B2421AED0AF009B55FF /* Products */;
			projectDirPath = "";
			projectRoot = "";
			targets = (
				8CEB9B2221AED0AF009B55FF /* NegeVibe */,
			);
		};
/* End PBXProject section */

/* Begin PBXResourcesBuildPhase section */
		8CEB9B2121AED0AF009B55FF /* Resources */ = {
			isa = PBXResourcesBuildPhase;
			buildActionMask = 2147483647;
			files = (
				8CEB9B3421AED0B2009B55FF /* LaunchScreen.storyboard in Resources */,
				8CEB9B3121AED0B2009B55FF /* Assets.xcassets in Resources */,
				8CEB9B2C21AED0AF009B55FF /* Main.storyboard in Resources */,
			);
			runOnlyForDeploymentPostprocessing = 0;
		};
/* End PBXResourcesBuildPhase section */

/* Begin PBXShellScriptBuildPhase section */
		82CB0FC7F9E9D2CD66D80B9E /* [CP] Embed Pods Frameworks */ = {
			isa = PBXShellScriptBuildPhase;
			buildActionMask = 2147483647;
			files = (
			);
			inputPaths = (
				"${SRCROOT}/Pods/Target Support Files/Pods-NegeVibe/Pods-NegeVibe-frameworks.sh",
				"${BUILT_PRODUCTS_DIR}/IQKeyboardManagerSwift/IQKeyboardManagerSwift.framework",
				"${BUILT_PRODUCTS_DIR}/SDWebImage/SDWebImage.framework",
			);
			name = "[CP] Embed Pods Frameworks";
			outputPaths = (
				"${TARGET_BUILD_DIR}/${FRAMEWORKS_FOLDER_PATH}/IQKeyboardManagerSwift.framework",
				"${TARGET_BUILD_DIR}/${FRAMEWORKS_FOLDER_PATH}/SDWebImage.framework",
			);
			runOnlyForDeploymentPostprocessing = 0;
			shellPath = /bin/sh;
			shellScript = "\"${SRCROOT}/Pods/Target Support Files/Pods-NegeVibe/Pods-NegeVibe-frameworks.sh\"\n";
			showEnvVarsInLog = 0;
		};
		9CCC0D66F4F70E724ADB3ACA /* [CP] Check Pods Manifest.lock */ = {
			isa = PBXShellScriptBuildPhase;
			buildActionMask = 2147483647;
			files = (
			);
			inputPaths = (
				"${PODS_PODFILE_DIR_PATH}/Podfile.lock",
				"${PODS_ROOT}/Manifest.lock",
			);
			name = "[CP] Check Pods Manifest.lock";
			outputPaths = (
				"$(DERIVED_FILE_DIR)/Pods-NegeVibe-checkManifestLockResult.txt",
			);
			runOnlyForDeploymentPostprocessing = 0;
			shellPath = /bin/sh;
			shellScript = "diff \"${PODS_PODFILE_DIR_PATH}/Podfile.lock\" \"${PODS_ROOT}/Manifest.lock\" > /dev/null\nif [ $? != 0 ] ; then\n    # print error to STDERR\n    echo \"error: The sandbox is not in sync with the Podfile.lock. Run 'pod install' or update your CocoaPods installation.\" >&2\n    exit 1\nfi\n# This output is used by Xcode 'outputs' to avoid re-running this script phase.\necho \"SUCCESS\" > \"${SCRIPT_OUTPUT_FILE_0}\"\n";
			showEnvVarsInLog = 0;
		};
/* End PBXShellScriptBuildPhase section */

/* Begin PBXSourcesBuildPhase section */
		8CEB9B1F21AED0AF009B55FF /* Sources */ = {
			isa = PBXSourcesBuildPhase;
			buildActionMask = 2147483647;
			files = (
				8C1ACD0821B033FE00103D9E /* Images.swift in Sources */,
				8CEB9B2921AED0AF009B55FF /* ViewController.swift in Sources */,
				8CEB9B4421AEDE4B009B55FF /* JustHUD.swift in Sources */,
				8CEB9B2F21AED0AF009B55FF /* NegeVibe.xcdatamodeld in Sources */,
				8C1ACD0C21B03A8B00103D9E /* EventMapViewController.swift in Sources */,
				8CEB9B2721AED0AF009B55FF /* AppDelegate.swift in Sources */,
				8CEB9B3E21AED0DF009B55FF /* GetEvents.swift in Sources */,
				8CEB9B4121AED118009B55FF /* Event.swift in Sources */,
				8C1ACD0A21B0376800103D9E /* Symbology.swift in Sources */,
			);
			runOnlyForDeploymentPostprocessing = 0;
		};
/* End PBXSourcesBuildPhase section */

/* Begin PBXVariantGroup section */
		8CEB9B2A21AED0AF009B55FF /* Main.storyboard */ = {
			isa = PBXVariantGroup;
			children = (
				8CEB9B2B21AED0AF009B55FF /* Base */,
			);
			name = Main.storyboard;
			sourceTree = "<group>";
		};
		8CEB9B3221AED0B2009B55FF /* LaunchScreen.storyboard */ = {
			isa = PBXVariantGroup;
			children = (
				8CEB9B3321AED0B2009B55FF /* Base */,
			);
			name = LaunchScreen.storyboard;
			sourceTree = "<group>";
		};
/* End PBXVariantGroup section */

/* Begin XCBuildConfiguration section */
		8CEB9B3621AED0B2009B55FF /* Debug */ = {
			isa = XCBuildConfiguration;
			buildSettings = {
				ALWAYS_SEARCH_USER_PATHS = NO;
				CLANG_ANALYZER_NONNULL = YES;
				CLANG_ANALYZER_NUMBER_OBJECT_CONVERSION = YES_AGGRESSIVE;
				CLANG_CXX_LANGUAGE_STANDARD = "gnu++14";
				CLANG_CXX_LIBRARY = "libc++";
				CLANG_ENABLE_MODULES = YES;
				CLANG_ENABLE_OBJC_ARC = YES;
				CLANG_ENABLE_OBJC_WEAK = YES;
				CLANG_WARN_BLOCK_CAPTURE_AUTORELEASING = YES;
				CLANG_WARN_BOOL_CONVERSION = YES;
				CLANG_WARN_COMMA = YES;
				CLANG_WARN_CONSTANT_CONVERSION = YES;
				CLANG_WARN_DEPRECATED_OBJC_IMPLEMENTATIONS = YES;
				CLANG_WARN_DIRECT_OBJC_ISA_USAGE = YES_ERROR;
				CLANG_WARN_DOCUMENTATION_COMMENTS = YES;
				CLANG_WARN_EMPTY_BODY = YES;
				CLANG_WARN_ENUM_CONVERSION = YES;
				CLANG_WARN_INFINITE_RECURSION = YES;
				CLANG_WARN_INT_CONVERSION = YES;
				CLANG_WARN_NON_LITERAL_NULL_CONVERSION = YES;
				CLANG_WARN_OBJC_IMPLICIT_RETAIN_SELF = YES;
				CLANG_WARN_OBJC_LITERAL_CONVERSION = YES;
				CLANG_WARN_OBJC_ROOT_CLASS = YES_ERROR;
				CLANG_WARN_RANGE_LOOP_ANALYSIS = YES;
				CLANG_WARN_STRICT_PROTOTYPES = YES;
				CLANG_WARN_SUSPICIOUS_MOVE = YES;
				CLANG_WARN_UNGUARDED_AVAILABILITY = YES_AGGRESSIVE;
				CLANG_WARN_UNREACHABLE_CODE = YES;
				CLANG_WARN__DUPLICATE_METHOD_MATCH = YES;
				CODE_SIGN_IDENTITY = "iPhone Developer";
				COPY_PHASE_STRIP = NO;
				DEBUG_INFORMATION_FORMAT = dwarf;
				ENABLE_STRICT_OBJC_MSGSEND = YES;
				ENABLE_TESTABILITY = YES;
				GCC_C_LANGUAGE_STANDARD = gnu11;
				GCC_DYNAMIC_NO_PIC = NO;
				GCC_NO_COMMON_BLOCKS = YES;
				GCC_OPTIMIZATION_LEVEL = 0;
				GCC_PREPROCESSOR_DEFINITIONS = (
					"DEBUG=1",
					"$(inherited)",
				);
				GCC_WARN_64_TO_32_BIT_CONVERSION = YES;
				GCC_WARN_ABOUT_RETURN_TYPE = YES_ERROR;
				GCC_WARN_UNDECLARED_SELECTOR = YES;
				GCC_WARN_UNINITIALIZED_AUTOS = YES_AGGRESSIVE;
				GCC_WARN_UNUSED_FUNCTION = YES;
				GCC_WARN_UNUSED_VARIABLE = YES;
				IPHONEOS_DEPLOYMENT_TARGET = 12.1;
				MTL_ENABLE_DEBUG_INFO = INCLUDE_SOURCE;
				MTL_FAST_MATH = YES;
				ONLY_ACTIVE_ARCH = YES;
				SDKROOT = iphoneos;
				SWIFT_ACTIVE_COMPILATION_CONDITIONS = DEBUG;
				SWIFT_OPTIMIZATION_LEVEL = "-Onone";
			};
			name = Debug;
		};
		8CEB9B3721AED0B2009B55FF /* Release */ = {
			isa = XCBuildConfiguration;
			buildSettings = {
				ALWAYS_SEARCH_USER_PATHS = NO;
				CLANG_ANALYZER_NONNULL = YES;
				CLANG_ANALYZER_NUMBER_OBJECT_CONVERSION = YES_AGGRESSIVE;
				CLANG_CXX_LANGUAGE_STANDARD = "gnu++14";
				CLANG_CXX_LIBRARY = "libc++";
				CLANG_ENABLE_MODULES = YES;
				CLANG_ENABLE_OBJC_ARC = YES;
				CLANG_ENABLE_OBJC_WEAK = YES;
				CLANG_WARN_BLOCK_CAPTURE_AUTORELEASING = YES;
				CLANG_WARN_BOOL_CONVERSION = YES;
				CLANG_WARN_COMMA = YES;
				CLANG_WARN_CONSTANT_CONVERSION = YES;
				CLANG_WARN_DEPRECATED_OBJC_IMPLEMENTATIONS = YES;
				CLANG_WARN_DIRECT_OBJC_ISA_USAGE = YES_ERROR;
				CLANG_WARN_DOCUMENTATION_COMMENTS = YES;
				CLANG_WARN_EMPTY_BODY = YES;
				CLANG_WARN_ENUM_CONVERSION = YES;
				CLANG_WARN_INFINITE_RECURSION = YES;
				CLANG_WARN_INT_CONVERSION = YES;
				CLANG_WARN_NON_LITERAL_NULL_CONVERSION = YES;
				CLANG_WARN_OBJC_IMPLICIT_RETAIN_SELF = YES;
				CLANG_WARN_OBJC_LITERAL_CONVERSION = YES;
				CLANG_WARN_OBJC_ROOT_CLASS = YES_ERROR;
				CLANG_WARN_RANGE_LOOP_ANALYSIS = YES;
				CLANG_WARN_STRICT_PROTOTYPES = YES;
				CLANG_WARN_SUSPICIOUS_MOVE = YES;
				CLANG_WARN_UNGUARDED_AVAILABILITY = YES_AGGRESSIVE;
				CLANG_WARN_UNREACHABLE_CODE = YES;
				CLANG_WARN__DUPLICATE_METHOD_MATCH = YES;
				CODE_SIGN_IDENTITY = "iPhone Developer";
				COPY_PHASE_STRIP = NO;
				DEBUG_INFORMATION_FORMAT = "dwarf-with-dsym";
				ENABLE_NS_ASSERTIONS = NO;
				ENABLE_STRICT_OBJC_MSGSEND = YES;
				GCC_C_LANGUAGE_STANDARD = gnu11;
				GCC_NO_COMMON_BLOCKS = YES;
				GCC_WARN_64_TO_32_BIT_CONVERSION = YES;
				GCC_WARN_ABOUT_RETURN_TYPE = YES_ERROR;
				GCC_WARN_UNDECLARED_SELECTOR = YES;
				GCC_WARN_UNINITIALIZED_AUTOS = YES_AGGRESSIVE;
				GCC_WARN_UNUSED_FUNCTION = YES;
				GCC_WARN_UNUSED_VARIABLE = YES;
				IPHONEOS_DEPLOYMENT_TARGET = 12.1;
				MTL_ENABLE_DEBUG_INFO = NO;
				MTL_FAST_MATH = YES;
				SDKROOT = iphoneos;
				SWIFT_COMPILATION_MODE = wholemodule;
				SWIFT_OPTIMIZATION_LEVEL = "-O";
				VALIDATE_PRODUCT = YES;
			};
			name = Release;
		};
		8CEB9B3921AED0B2009B55FF /* Debug */ = {
			isa = XCBuildConfiguration;
			baseConfigurationReference = 1568CED266995431D624AB8E /* Pods-NegeVibe.debug.xcconfig */;
			buildSettings = {
				ASSETCATALOG_COMPILER_APPICON_NAME = AppIcon;
				CODE_SIGN_STYLE = Automatic;
				INFOPLIST_FILE = NegeVibe/Info.plist;
				LD_RUNPATH_SEARCH_PATHS = (
					"$(inherited)",
					"@executable_path/Frameworks",
				);
				PRODUCT_BUNDLE_IDENTIFIER = com.ranuskin.shafa.project.NegeVibe;
				PRODUCT_NAME = "$(TARGET_NAME)";
				SWIFT_VERSION = 4.2;
				TARGETED_DEVICE_FAMILY = "1,2";
			};
			name = Debug;
		};
		8CEB9B3A21AED0B2009B55FF /* Release */ = {
			isa = XCBuildConfiguration;
			baseConfigurationReference = E0DAF5D6A1FFEFF36AE6BC7F /* Pods-NegeVibe.release.xcconfig */;
			buildSettings = {
				ASSETCATALOG_COMPILER_APPICON_NAME = AppIcon;
				CODE_SIGN_STYLE = Automatic;
				INFOPLIST_FILE = NegeVibe/Info.plist;
				LD_RUNPATH_SEARCH_PATHS = (
					"$(inherited)",
					"@executable_path/Frameworks",
				);
				PRODUCT_BUNDLE_IDENTIFIER = com.ranuskin.shafa.project.NegeVibe;
				PRODUCT_NAME = "$(TARGET_NAME)";
				SWIFT_VERSION = 4.2;
				TARGETED_DEVICE_FAMILY = "1,2";
			};
			name = Release;
		};
/* End XCBuildConfiguration section */

/* Begin XCConfigurationList section */
		8CEB9B1E21AED0AF009B55FF /* Build configuration list for PBXProject "NegeVibe" */ = {
			isa = XCConfigurationList;
			buildConfigurations = (
				8CEB9B3621AED0B2009B55FF /* Debug */,
				8CEB9B3721AED0B2009B55FF /* Release */,
			);
			defaultConfigurationIsVisible = 0;
			defaultConfigurationName = Release;
		};
		8CEB9B3821AED0B2009B55FF /* Build configuration list for PBXNativeTarget "NegeVibe" */ = {
			isa = XCConfigurationList;
			buildConfigurations = (
				8CEB9B3921AED0B2009B55FF /* Debug */,
				8CEB9B3A21AED0B2009B55FF /* Release */,
			);
			defaultConfigurationIsVisible = 0;
			defaultConfigurationName = Release;
		};
/* End XCConfigurationList section */

/* Begin XCVersionGroup section */
		8CEB9B2D21AED0AF009B55FF /* NegeVibe.xcdatamodeld */ = {
			isa = XCVersionGroup;
			children = (
				8CEB9B2E21AED0AF009B55FF /* NegeVibe.xcdatamodel */,
			);
			currentVersion = 8CEB9B2E21AED0AF009B55FF /* NegeVibe.xcdatamodel */;
			path = NegeVibe.xcdatamodeld;
			sourceTree = "<group>";
			versionGroupType = wrapper.xcdatamodel;
		};
/* End XCVersionGroup section */
	};
	rootObject = 8CEB9B1B21AED0AF009B55FF /* Project object */;
}
